
Microsoft Visual Studio Solution File, Format Version 12.00
# Visual Studio Version 17
VisualStudioVersion = 17.5.002.0
MinimumVisualStudioVersion = 10.0.40219.1
Project("{2150E333-8FDC-42A3-9474-1A3956D46DE8}") = "vertexai", "vertexai", "{3770606C-E686-467D-9C86-09EBD9D3C7C5}"
EndProject
Project("{2150E333-8FDC-42A3-9474-1A3956D46DE8}") = "palm2-text", "palm2-text", "{6B253E52-1619-40BC-A075-4C82401C42C9}"
EndProject
Project("{2150E333-8FDC-42A3-9474-1A3956D46DE8}") = "functions", "functions", "{E07EF17A-9C9D-4189-9184-9091240E4F0D}"
EndProject
Project("{9A19103F-16F7-4668-BE54-9A1E7A4F7556}") = "Function", "vertexai\palm2-text\functions\csharp\Function.csproj", "{35103BDF-8E41-46D9-AAC1-F79860E4FCBE}"
EndProject
Project("{2150E333-8FDC-42A3-9474-1A3956D46DE8}") = "imagegen", "imagegen", "{68803DE7-52AA-44FB-8CC2-26DA42408147}"
EndProject
Project("{2150E333-8FDC-42A3-9474-1A3956D46DE8}") = "run", "run", "{2D0061C5-02EF-4B88-9271-0DC3D951CD70}"
EndProject
Project("{9A19103F-16F7-4668-BE54-9A1E7A4F7556}") = "Imagegen", "vertexai\imagegen\run\csharp\Imagegen.csproj", "{1A51C61D-EBA1-477C-B0CE-D4F32821C616}"
EndProject
Project("{2150E333-8FDC-42A3-9474-1A3956D46DE8}") = "console", "console", "{A0046454-B1C6-4334-98BC-49F67AB10912}"
EndProject
Project("{9A19103F-16F7-4668-BE54-9A1E7A4F7556}") = "Imagegen", "vertexai\imagegen\console\csharp\Imagegen.csproj", "{13CC4FB5-D76D-4622-B995-BE43178CD81E}"
EndProject
Project("{2150E333-8FDC-42A3-9474-1A3956D46DE8}") = "console", "console", "{6B2B5653-DC39-4BAA-BDC0-36EE36014B1D}"
EndProject
Project("{2150E333-8FDC-42A3-9474-1A3956D46DE8}") = "csharp", "csharp", "{B6586664-C619-481A-BC15-0422F0CB71E0}"
EndProject
Project("{9A19103F-16F7-4668-BE54-9A1E7A4F7556}") = "Interview", "vertexai\palm2-text\console\csharp\sdk\Interview.csproj", "{B9CE3E8E-D9A2-40AD-A34D-5F6F13BA930E}"
EndProject
Project("{9A19103F-16F7-4668-BE54-9A1E7A4F7556}") = "Interview (1)", "vertexai\palm2-text\console\csharp\rest\Interview.csproj", "{DA6147F9-2AA9-46BD-9616-7DBC3DCEE062}"
EndProject
Global
	GlobalSection(SolutionConfigurationPlatforms) = preSolution
		Debug|Any CPU = Debug|Any CPU
		Release|Any CPU = Release|Any CPU
	EndGlobalSection
	GlobalSection(ProjectConfigurationPlatforms) = postSolution
		{35103BDF-8E41-46D9-AAC1-F79860E4FCBE}.Debug|Any CPU.ActiveCfg = Debug|Any CPU
		{35103BDF-8E41-46D9-AAC1-F79860E4FCBE}.Debug|Any CPU.Build.0 = Debug|Any CPU
		{35103BDF-8E41-46D9-AAC1-F79860E4FCBE}.Release|Any CPU.ActiveCfg = Release|Any CPU
		{35103BDF-8E41-46D9-AAC1-F79860E4FCBE}.Release|Any CPU.Build.0 = Release|Any CPU
		{1A51C61D-EBA1-477C-B0CE-D4F32821C616}.Debug|Any CPU.ActiveCfg = Debug|Any CPU
		{1A51C61D-EBA1-477C-B0CE-D4F32821C616}.Debug|Any CPU.Build.0 = Debug|Any CPU
		{1A51C61D-EBA1-477C-B0CE-D4F32821C616}.Release|Any CPU.ActiveCfg = Release|Any CPU
		{1A51C61D-EBA1-477C-B0CE-D4F32821C616}.Release|Any CPU.Build.0 = Release|Any CPU
		{13CC4FB5-D76D-4622-B995-BE43178CD81E}.Debug|Any CPU.ActiveCfg = Debug|Any CPU
		{13CC4FB5-D76D-4622-B995-BE43178CD81E}.Debug|Any CPU.Build.0 = Debug|Any CPU
		{13CC4FB5-D76D-4622-B995-BE43178CD81E}.Release|Any CPU.ActiveCfg = Release|Any CPU
		{13CC4FB5-D76D-4622-B995-BE43178CD81E}.Release|Any CPU.Build.0 = Release|Any CPU
		{B9CE3E8E-D9A2-40AD-A34D-5F6F13BA930E}.Debug|Any CPU.ActiveCfg = Debug|Any CPU
		{B9CE3E8E-D9A2-40AD-A34D-5F6F13BA930E}.Debug|Any CPU.Build.0 = Debug|Any CPU
		{B9CE3E8E-D9A2-40AD-A34D-5F6F13BA930E}.Release|Any CPU.ActiveCfg = Release|Any CPU
		{B9CE3E8E-D9A2-40AD-A34D-5F6F13BA930E}.Release|Any CPU.Build.0 = Release|Any CPU
		{DA6147F9-2AA9-46BD-9616-7DBC3DCEE062}.Debug|Any CPU.ActiveCfg = Debug|Any CPU
		{DA6147F9-2AA9-46BD-9616-7DBC3DCEE062}.Debug|Any CPU.Build.0 = Debug|Any CPU
		{DA6147F9-2AA9-46BD-9616-7DBC3DCEE062}.Release|Any CPU.ActiveCfg = Release|Any CPU
		{DA6147F9-2AA9-46BD-9616-7DBC3DCEE062}.Release|Any CPU.Build.0 = Release|Any CPU
	EndGlobalSection
	GlobalSection(SolutionProperties) = preSolution
		HideSolutionNode = FALSE
	EndGlobalSection
	GlobalSection(NestedProjects) = preSolution
		{6B253E52-1619-40BC-A075-4C82401C42C9} = {3770606C-E686-467D-9C86-09EBD9D3C7C5}
		{E07EF17A-9C9D-4189-9184-9091240E4F0D} = {6B253E52-1619-40BC-A075-4C82401C42C9}
		{35103BDF-8E41-46D9-AAC1-F79860E4FCBE} = {E07EF17A-9C9D-4189-9184-9091240E4F0D}
		{68803DE7-52AA-44FB-8CC2-26DA42408147} = {3770606C-E686-467D-9C86-09EBD9D3C7C5}
		{2D0061C5-02EF-4B88-9271-0DC3D951CD70} = {68803DE7-52AA-44FB-8CC2-26DA42408147}
		{1A51C61D-EBA1-477C-B0CE-D4F32821C616} = {2D0061C5-02EF-4B88-9271-0DC3D951CD70}
		{A0046454-B1C6-4334-98BC-49F67AB10912} = {68803DE7-52AA-44FB-8CC2-26DA42408147}
		{13CC4FB5-D76D-4622-B995-BE43178CD81E} = {A0046454-B1C6-4334-98BC-49F67AB10912}
		{6B2B5653-DC39-4BAA-BDC0-36EE36014B1D} = {6B253E52-1619-40BC-A075-4C82401C42C9}
		{B6586664-C619-481A-BC15-0422F0CB71E0} = {6B2B5653-DC39-4BAA-BDC0-36EE36014B1D}
		{B9CE3E8E-D9A2-40AD-A34D-5F6F13BA930E} = {B6586664-C619-481A-BC15-0422F0CB71E0}
		{DA6147F9-2AA9-46BD-9616-7DBC3DCEE062} = {B6586664-C619-481A-BC15-0422F0CB71E0}
	EndGlobalSection
	GlobalSection(ExtensibilityGlobals) = postSolution
		SolutionGuid = {106B47C7-050E-4CCE-885B-D31157BE7637}
	EndGlobalSection
EndGlobal
